
Microsoft Visual Studio Solution File, Format Version 12.00
# Visual Studio Version 17
VisualStudioVersion = 17.3.32901.215
MinimumVisualStudioVersion = 10.0.40219.1
Project("{FAE04EC0-301F-11D3-BF4B-00C04F79EFBC}") = "MathQuiz-Fall2022-ASM", "MathQuiz-Fall2022-ASM\MathQuiz-Fall2022-ASM.csproj", "{0A291488-68CD-4A10-9B75-E3684A083BF4}"
EndProject
Global
	GlobalSection(SolutionConfigurationPlatforms) = preSolution
		Debug|Any CPU = Debug|Any CPU
		Release|Any CPU = Release|Any CPU
	EndGlobalSection
	GlobalSection(ProjectConfigurationPlatforms) = postSolution
		{0A291488-68CD-4A10-9B75-E3684A083BF4}.Debug|Any CPU.ActiveCfg = Debug|Any CPU
		{0A291488-68CD-4A10-9B75-E3684A083BF4}.Debug|Any CPU.Build.0 = Debug|Any CPU
		{0A291488-68CD-4A10-9B75-E3684A083BF4}.Release|Any CPU.ActiveCfg = Release|Any CPU
		{0A291488-68CD-4A10-9B75-E3684A083BF4}.Release|Any CPU.Build.0 = Release|Any CPU
	EndGlobalSection
	GlobalSection(SolutionProperties) = preSolution
		HideSolutionNode = FALSE
	EndGlobalSection
	GlobalSection(ExtensibilityGlobals) = postSolution
		SolutionGuid = {5EDEC321-1A79-4674-8FB5-86FC47BF7829}
	EndGlobalSection
EndGlobal
